
Microsoft Visual Studio Solution File, Format Version 12.00
# Visual Studio Version 17
VisualStudioVersion = 17.0.31903.59
MinimumVisualStudioVersion = 10.0.40219.1
Project("{FAE04EC0-301F-11D3-BF4B-00C04F79EFBC}") = "API", "API\API.csproj", "{66C7C3DD-C7BC-4255-AE10-1D22A5359DCF}"
EndProject
Global
	GlobalSection(SolutionConfigurationPlatforms) = preSolution
		Debug|Any CPU = Debug|Any CPU
		Release|Any CPU = Release|Any CPU
	EndGlobalSection
	GlobalSection(SolutionProperties) = preSolution
		HideSolutionNode = FALSE
	EndGlobalSection
	GlobalSection(ProjectConfigurationPlatforms) = postSolution
		{66C7C3DD-C7BC-4255-AE10-1D22A5359DCF}.Debug|Any CPU.ActiveCfg = Debug|Any CPU
		{66C7C3DD-C7BC-4255-AE10-1D22A5359DCF}.Debug|Any CPU.Build.0 = Debug|Any CPU
		{66C7C3DD-C7BC-4255-AE10-1D22A5359DCF}.Release|Any CPU.ActiveCfg = Release|Any CPU
		{66C7C3DD-C7BC-4255-AE10-1D22A5359DCF}.Release|Any CPU.Build.0 = Release|Any CPU
	EndGlobalSection
EndGlobal
